{
  "name": "hyper-api-rust-copy",
  "lockfileVersion": 3,
  "requires": true,
  "packages": {
    "": {
      "dependencies": {
        "hyperdb-mcp": "file:hyperdb-mcp/npm/hyperdb-mcp-0.1.0.tgz",
        "hyperdb-mcp-darwin-arm64": "file:hyperdb-mcp/npm/darwin-arm64/hyperdb-mcp-darwin-arm64-0.1.0.tgz"
      }
    },
    "node_modules/hyperdb-mcp": {
      "version": "0.1.0",
      "resolved": "file:hyperdb-mcp/npm/hyperdb-mcp-0.1.0.tgz",
      "integrity": "sha512-W4vyBVGoxRW2fdBc/M6RlFOw9Mo+/dqfbykUFuP9MPP4chpwJAU06xj+5BEFprvOmNAAO4dn44ZZ+BxCKCH4Wg==",
      "license": "MIT OR Apache-2.0",
      "bin": {
        "hyperdb-mcp": "bin.js"
      },
      "engines": {
        "node": ">= 18"
      },
      "optionalDependencies": {
        "hyperdb-mcp-darwin-arm64": "0.1.0",
        "hyperdb-mcp-darwin-x64": "0.1.0",
        "hyperdb-mcp-linux-x64-gnu": "0.1.0",
        "hyperdb-mcp-win32-x64-msvc": "0.1.0"
      }
    },
    "node_modules/hyperdb-mcp-darwin-arm64": {
      "version": "0.1.0",
      "resolved": "file:hyperdb-mcp/npm/darwin-arm64/hyperdb-mcp-darwin-arm64-0.1.0.tgz",
      "integrity": "sha512-RXtI+xl8eGczTGjWXgJDwH75kmeSa7R+P78qZ9S2vTsf1mAIpMHJcywbfiI+tQ93zTsduCLmuKnWwbfaRO5sqA==",
      "cpu": [
        "arm64"
      ],
      "license": "MIT OR Apache-2.0",
      "os": [
        "darwin"
      ],
      "engines": {
        "node": ">= 18"
      }
    },
    "node_modules/hyperdb-mcp/node_modules/hyperdb-mcp-darwin-x64": {
      "optional": true
    },
    "node_modules/hyperdb-mcp/node_modules/hyperdb-mcp-linux-x64-gnu": {
      "optional": true
    },
    "node_modules/hyperdb-mcp/node_modules/hyperdb-mcp-win32-x64-msvc": {
      "optional": true
    }
  }
}
